{
  "version": "4",
  "specifiers": {
    "jsr:@std/assert@^1.0.12": "1.0.12",
    "jsr:@std/internal@^1.0.6": "1.0.6",
    "jsr:@std/testing@*": "1.0.10"
  },
  "jsr": {
    "@std/assert@1.0.12": {
      "integrity": "08009f0926dda9cbd8bef3a35d3b6a4b964b0ab5c3e140a4e0351fbf34af5b9a",
      "dependencies": [
        "jsr:@std/internal"
      ]
    },
    "@std/internal@1.0.6": {
      "integrity": "9533b128f230f73bd209408bb07a4b12f8d4255ab2a4d22a1fd6d87304aca9a4"
    },
    "@std/testing@1.0.10": {
      "integrity": "8997bd0b0df020b81bf5eae103c66622918adeff7e45e96291c92a29dbf82cc1",
      "dependencies": [
        "jsr:@std/assert",
        "jsr:@std/internal"
      ]
    }
  },
  "redirects": {
    "https://deno.land/std/testing/time.ts": "https://deno.land/std@0.224.0/testing/time.ts"
  },
  "remote": {
    "https://deno.land/std@0.224.0/async/delay.ts": "f90dd685b97c2f142b8069082993e437b1602b8e2561134827eeb7c12b95c499",
    "https://deno.land/std@0.224.0/data_structures/_binary_search_node.ts": "ce1da11601fef0638df4d1e53c377f791f96913383277389286b390685d76c07",
    "https://deno.land/std@0.224.0/data_structures/_red_black_node.ts": "4af8d3c5ac5f119d8058269259c46ea22ead567246cacde04584a83e43a9d2ea",
    "https://deno.land/std@0.224.0/data_structures/binary_search_tree.ts": "2dd43d97ce5f5a4bdba11b075eb458db33e9143f50997b0eebf02912cb44f5d5",
    "https://deno.land/std@0.224.0/data_structures/comparators.ts": "17dfa68bf1550edadbfdd453a06f9819290bcb534c9945b5cec4b30242cff475",
    "https://deno.land/std@0.224.0/data_structures/red_black_tree.ts": "2222be0c46842fc932e2c8589a66dced9e6eae180914807c5c55d1aa4c8c1b9b",
    "https://deno.land/std@0.224.0/testing/_time.ts": "fefd1ff35b50a410db9b0e7227e05163e1b172c88afd0d2071df0125958c3ff3",
    "https://deno.land/std@0.224.0/testing/time.ts": "7119072a198e9913da0d21106b1f05a90a4c05b07075529770ff0e2a9eb5eaba"
  },
  "workspace": {
    "dependencies": [
      "jsr:@std/assert@^1.0.12"
    ]
  }
}
